
Microsoft Visual Studio Solution File, Format Version 12.00
# Visual Studio Version 16
VisualStudioVersion = 16.0.30503.244
MinimumVisualStudioVersion = 10.0.40219.1
Project("{FAE04EC0-301F-11D3-BF4B-00C04F79EFBC}") = "DEMO.AppModelo", "DEMO.AppModelo.csproj", "{272536D5-28A7-4C45-A606-EBD0A8065215}"
EndProject
Global
	GlobalSection(SolutionConfigurationPlatforms) = preSolution
		Debug|Any CPU = Debug|Any CPU
		Release|Any CPU = Release|Any CPU
	EndGlobalSection
	GlobalSection(ProjectConfigurationPlatforms) = postSolution
		{272536D5-28A7-4C45-A606-EBD0A8065215}.Debug|Any CPU.ActiveCfg = Debug|Any CPU
		{272536D5-28A7-4C45-A606-EBD0A8065215}.Debug|Any CPU.Build.0 = Debug|Any CPU
		{272536D5-28A7-4C45-A606-EBD0A8065215}.Release|Any CPU.ActiveCfg = Release|Any CPU
		{272536D5-28A7-4C45-A606-EBD0A8065215}.Release|Any CPU.Build.0 = Release|Any CPU
	EndGlobalSection
	GlobalSection(SolutionProperties) = preSolution
		HideSolutionNode = FALSE
	EndGlobalSection
	GlobalSection(ExtensibilityGlobals) = postSolution
		SolutionGuid = {01454E4F-5FD2-43D8-9A0A-65AB895001D4}
	EndGlobalSection
EndGlobal
